
Microsoft Visual Studio Solution File, Format Version 12.00
# Visual Studio Version 17
VisualStudioVersion = 17.9.34728.123
MinimumVisualStudioVersion = 10.0.40219.1
Project("{FAE04EC0-301F-11D3-BF4B-00C04F79EFBC}") = "NZWalks3.API", "NZWalks3.API\NZWalks3.API.csproj", "{878BF0C5-F1A6-45E4-BC9E-AE19AAFF3542}"
EndProject
Global
	GlobalSection(SolutionConfigurationPlatforms) = preSolution
		Debug|Any CPU = Debug|Any CPU
		Release|Any CPU = Release|Any CPU
	EndGlobalSection
	GlobalSection(ProjectConfigurationPlatforms) = postSolution
		{878BF0C5-F1A6-45E4-BC9E-AE19AAFF3542}.Debug|Any CPU.ActiveCfg = Debug|Any CPU
		{878BF0C5-F1A6-45E4-BC9E-AE19AAFF3542}.Debug|Any CPU.Build.0 = Debug|Any CPU
		{878BF0C5-F1A6-45E4-BC9E-AE19AAFF3542}.Release|Any CPU.ActiveCfg = Release|Any CPU
		{878BF0C5-F1A6-45E4-BC9E-AE19AAFF3542}.Release|Any CPU.Build.0 = Release|Any CPU
	EndGlobalSection
	GlobalSection(SolutionProperties) = preSolution
		HideSolutionNode = FALSE
	EndGlobalSection
	GlobalSection(ExtensibilityGlobals) = postSolution
		SolutionGuid = {875B8E56-C4D3-4694-9FDB-54077A6D9E28}
	EndGlobalSection
EndGlobal
